
Microsoft Visual Studio Solution File, Format Version 12.00
# Visual Studio Version 17
VisualStudioVersion = 17.11.35208.52
MinimumVisualStudioVersion = 10.0.40219.1
Project("{9A19103F-16F7-4668-BE54-9A1E7A4F7556}") = "RabbitMQ.Publisher", "RabbitMQ.Publisher\RabbitMQ.Publisher.csproj", "{40C30898-DEF8-43DD-AEED-17A949937274}"
EndProject
Project("{FAE04EC0-301F-11D3-BF4B-00C04F79EFBC}") = "RabbitMQDirectExchange", "RabbitMQDirectExchange\RabbitMQDirectExchange.csproj", "{E115BCFF-64E8-4B77-B66A-4B6584AEE5F5}"
EndProject
Project("{FAE04EC0-301F-11D3-BF4B-00C04F79EFBC}") = "RabbitMQFanoutExchange", "RabbitMQFanoutExchange\RabbitMQFanoutExchange.csproj", "{5254F35A-806F-4BE3-98D9-DF4C14373A66}"
EndProject
Global
	GlobalSection(SolutionConfigurationPlatforms) = preSolution
		Debug|Any CPU = Debug|Any CPU
		Release|Any CPU = Release|Any CPU
	EndGlobalSection
	GlobalSection(ProjectConfigurationPlatforms) = postSolution
		{40C30898-DEF8-43DD-AEED-17A949937274}.Debug|Any CPU.ActiveCfg = Debug|Any CPU
		{40C30898-DEF8-43DD-AEED-17A949937274}.Debug|Any CPU.Build.0 = Debug|Any CPU
		{40C30898-DEF8-43DD-AEED-17A949937274}.Release|Any CPU.ActiveCfg = Release|Any CPU
		{40C30898-DEF8-43DD-AEED-17A949937274}.Release|Any CPU.Build.0 = Release|Any CPU
		{E115BCFF-64E8-4B77-B66A-4B6584AEE5F5}.Debug|Any CPU.ActiveCfg = Debug|Any CPU
		{E115BCFF-64E8-4B77-B66A-4B6584AEE5F5}.Debug|Any CPU.Build.0 = Debug|Any CPU
		{E115BCFF-64E8-4B77-B66A-4B6584AEE5F5}.Release|Any CPU.ActiveCfg = Release|Any CPU
		{E115BCFF-64E8-4B77-B66A-4B6584AEE5F5}.Release|Any CPU.Build.0 = Release|Any CPU
		{5254F35A-806F-4BE3-98D9-DF4C14373A66}.Debug|Any CPU.ActiveCfg = Debug|Any CPU
		{5254F35A-806F-4BE3-98D9-DF4C14373A66}.Debug|Any CPU.Build.0 = Debug|Any CPU
		{5254F35A-806F-4BE3-98D9-DF4C14373A66}.Release|Any CPU.ActiveCfg = Release|Any CPU
		{5254F35A-806F-4BE3-98D9-DF4C14373A66}.Release|Any CPU.Build.0 = Release|Any CPU
	EndGlobalSection
	GlobalSection(SolutionProperties) = preSolution
		HideSolutionNode = FALSE
	EndGlobalSection
	GlobalSection(ExtensibilityGlobals) = postSolution
		SolutionGuid = {EB947881-2F6C-4083-BB45-BF359C8DA39B}
	EndGlobalSection
EndGlobal
